{
  "name": "rchen102.github.io",
  "version": "1.0.0",
  "lockfileVersion": 1,
  "requires": true,
  "dependencies": {
    "@vuepress/plugin-medium-zoom": {
      "version": "1.5.2",
      "resolved": "https://registry.npmjs.org/@vuepress/plugin-medium-zoom/-/plugin-medium-zoom-1.5.2.tgz",
      "integrity": "sha512-zH/D6AutTHktC2G/NberIRbA3msHA/4sGtemk0U+bhoB1f7CvJRjOKRxX60AiabIuWfj2+tAtR2LlCkxLq3M3g==",
      "dev": true,
      "requires": {
        "medium-zoom": "^1.0.4"
      }
    },
    "medium-zoom": {
      "version": "1.0.5",
      "resolved": "https://registry.npmjs.org/medium-zoom/-/medium-zoom-1.0.5.tgz",
      "integrity": "sha512-aLGa6WlTuFKWvH88bqTrY5ztJMN+D0hd8UX6BYc4YSoPayppzETjZUcdVcksgaoQEMg4cZSmXPg846fTp2rjRQ==",
      "dev": true
    }
  }
}
